# This file is generated by running "yarn install" inside your project.
# Manual changes might be lost - proceed with caution!

__metadata:
  version: 8
  cacheKey: 10c0

"CherryStudio@workspace:.":
  version: 0.0.0-use.local
  resolution: "CherryStudio@workspace:."
  dependencies:
    "@libsql/client": "npm:0.14.0"
    "@libsql/win32-x64-msvc": "npm:^0.4.7"
    jsdom: "npm:26.1.0"
    node-stream-zip: "npm:^1.15.0"
    notion-helper: "npm:^1.3.22"
    os-proxy-config: "npm:^1.1.2"
    selection-hook: "npm:^0.9.23"
    turndown: "npm:7.2.0"
  devDependencies:
    "@agentic/exa": "npm:^7.3.3"
    "@agentic/searxng": "npm:^7.3.3"
    "@agentic/tavily": "npm:^7.3.3"
    "@ant-design/v5-patch-for-react-19": "npm:^1.0.3"
    "@anthropic-ai/sdk": "npm:^0.41.0"
    "@cherrystudio/embedjs": "npm:^0.1.31"
    "@cherrystudio/embedjs-libsql": "npm:^0.1.31"
    "@cherrystudio/embedjs-loader-csv": "npm:^0.1.31"
    "@cherrystudio/embedjs-loader-image": "npm:^0.1.31"
    "@cherrystudio/embedjs-loader-markdown": "npm:^0.1.31"
    "@cherrystudio/embedjs-loader-msoffice": "npm:^0.1.31"
    "@cherrystudio/embedjs-loader-pdf": "npm:^0.1.31"
    "@cherrystudio/embedjs-loader-sitemap": "npm:^0.1.31"
    "@cherrystudio/embedjs-loader-web": "npm:^0.1.31"
    "@cherrystudio/embedjs-loader-xml": "npm:^0.1.31"
    "@cherrystudio/embedjs-ollama": "npm:^0.1.31"
    "@cherrystudio/embedjs-openai": "npm:^0.1.31"
    "@electron-toolkit/eslint-config-prettier": "npm:^3.0.0"
    "@electron-toolkit/eslint-config-ts": "npm:^3.0.0"
    "@electron-toolkit/preload": "npm:^3.0.0"
    "@electron-toolkit/tsconfig": "npm:^1.0.1"
    "@electron-toolkit/utils": "npm:^3.0.0"
    "@electron/notarize": "npm:^2.5.0"
    "@emotion/is-prop-valid": "npm:^1.3.1"
    "@eslint-react/eslint-plugin": "npm:^1.36.1"
    "@eslint/js": "npm:^9.22.0"
    "@hello-pangea/dnd": "npm:^16.6.0"
    "@kangfenmao/keyv-storage": "npm:^0.1.0"
    "@langchain/community": "npm:^0.3.36"
    "@langchain/ollama": "npm:^0.2.1"
    "@modelcontextprotocol/sdk": "npm:^1.11.4"
    "@mozilla/readability": "npm:^0.6.0"
    "@notionhq/client": "npm:^2.2.15"
    "@playwright/test": "npm:^1.52.0"
    "@reduxjs/toolkit": "npm:^2.2.5"
    "@shikijs/markdown-it": "npm:^3.4.2"
    "@tanstack/react-query": "npm:^5.27.0"
    "@testing-library/dom": "npm:^10.4.0"
    "@testing-library/jest-dom": "npm:^6.6.3"
    "@testing-library/react": "npm:^16.3.0"
    "@tryfabric/martian": "npm:^1.2.4"
    "@types/diff": "npm:^7"
    "@types/fs-extra": "npm:^11"
    "@types/lodash": "npm:^4.17.5"
    "@types/markdown-it": "npm:^14"
    "@types/md5": "npm:^2.3.5"
    "@types/node": "npm:^18.19.9"
    "@types/pako": "npm:^1.0.2"
    "@types/react": "npm:^19.0.12"
    "@types/react-dom": "npm:^19.0.4"
    "@types/react-infinite-scroll-component": "npm:^5.0.0"
    "@types/react-window": "npm:^1"
    "@types/tinycolor2": "npm:^1"
    "@types/word-extractor": "npm:^1"
    "@uiw/codemirror-extensions-langs": "npm:^4.23.12"
    "@uiw/codemirror-themes-all": "npm:^4.23.12"
    "@uiw/react-codemirror": "npm:^4.23.12"
    "@vitejs/plugin-react-swc": "npm:^3.9.0"
    "@vitest/browser": "npm:^3.1.4"
    "@vitest/coverage-v8": "npm:^3.1.4"
    "@vitest/ui": "npm:^3.1.4"
    "@vitest/web-worker": "npm:^3.1.4"
    "@xyflow/react": "npm:^12.4.4"
    antd: "npm:^5.22.5"
    archiver: "npm:^7.0.1"
    async-mutex: "npm:^0.5.0"
    axios: "npm:^1.7.3"
    browser-image-compression: "npm:^2.0.2"
    color: "npm:^5.0.0"
    dayjs: "npm:^1.11.11"
    dexie: "npm:^4.0.8"
    dexie-react-hooks: "npm:^1.1.7"
    diff: "npm:^7.0.0"
    docx: "npm:^9.0.2"
    dotenv-cli: "npm:^7.4.2"
    electron: "npm:35.4.0"
    electron-builder: "npm:26.0.15"
    electron-devtools-installer: "npm:^3.2.0"
    electron-log: "npm:^5.1.5"
    electron-store: "npm:^8.2.0"
    electron-updater: "npm:6.6.4"
    electron-vite: "npm:^3.1.0"
    electron-window-state: "npm:^5.0.3"
    emittery: "npm:^1.0.3"
    emoji-picker-element: "npm:^1.22.1"
    eslint: "npm:^9.22.0"
    eslint-plugin-react-hooks: "npm:^5.2.0"
    eslint-plugin-simple-import-sort: "npm:^12.1.1"
    eslint-plugin-unused-imports: "npm:^4.1.4"
    fast-diff: "npm:^1.3.0"
    fast-xml-parser: "npm:^5.2.0"
    franc-min: "npm:^6.2.0"
    fs-extra: "npm:^11.2.0"
    google-auth-library: "npm:^9.15.1"
    html-to-image: "npm:^1.11.13"
    husky: "npm:^9.1.7"
    i18next: "npm:^23.11.5"
    jest-styled-components: "npm:^7.2.0"
    lint-staged: "npm:^15.5.0"
    lodash: "npm:^4.17.21"
    lru-cache: "npm:^11.1.0"
    lucide-react: "npm:^0.487.0"
    markdown-it: "npm:^14.1.0"
    mermaid: "npm:^11.6.0"
    mime: "npm:^4.0.4"
    motion: "npm:^12.10.5"
    npx-scope-finder: "npm:^1.2.0"
    officeparser: "npm:^4.1.1"
    openai: "npm:^5.1.0"
    opendal: "npm:0.47.11"
    p-queue: "npm:^8.1.0"
    playwright: "npm:^1.52.0"
    prettier: "npm:^3.5.3"
    proxy-agent: "npm:^6.5.0"
    rc-virtual-list: "npm:^3.18.6"
    react: "npm:^19.0.0"
    react-dom: "npm:^19.0.0"
    react-hotkeys-hook: "npm:^4.6.1"
    react-i18next: "npm:^14.1.2"
    react-infinite-scroll-component: "npm:^6.1.0"
    react-markdown: "npm:^10.1.0"
    react-redux: "npm:^9.1.2"
    react-router: "npm:6"
    react-router-dom: "npm:6"
    react-spinners: "npm:^0.14.1"
    react-window: "npm:^1.8.11"
    redux: "npm:^5.0.1"
    redux-persist: "npm:^6.0.0"
    rehype-katex: "npm:^7.0.1"
    rehype-mathjax: "npm:^7.1.0"
    rehype-raw: "npm:^7.0.0"
    remark-cjk-friendly: "npm:^1.2.0"
    remark-gfm: "npm:^4.0.1"
    remark-math: "npm:^6.0.0"
    remove-markdown: "npm:^0.6.2"
    rollup-plugin-visualizer: "npm:^5.12.0"
    sass: "npm:^1.88.0"
    shiki: "npm:^3.4.2"
    string-width: "npm:^7.2.0"
    styled-components: "npm:^6.1.11"
    tar: "npm:^7.4.3"
    tiny-pinyin: "npm:^1.3.2"
    tokenx: "npm:^1.1.0"
    typescript: "npm:^5.6.2"
    uuid: "npm:^10.0.0"
    vite: "npm:6.2.7"
    vitest: "npm:^3.1.4"
    webdav: "npm:^5.8.0"
    word-extractor: "npm:^1.0.4"
    zipread: "npm:^1.3.3"
  languageName: unknown
  linkType: soft